{
  "originHash" : "cfa64611efd908c7ddff623de28c9829b755b653c589cf6e2dd7c52c5a422f19",
  "pins" : [
    {
      "identity" : "aura-spm",
      "kind" : "remoteSourceControl",
      "location" : "https://github.com/Helmy2/aura-spm",
      "state" : {
        "branch" : "main",
        "revision" : "1a4b820c34c2d8127116ae460184fe16f09bcc6c"
      }
    }
  ],
  "version" : 3
}
